
Microsoft Visual Studio Solution File, Format Version 12.00
# Visual Studio 14
VisualStudioVersion = 14.0.23107.0
MinimumVisualStudioVersion = 10.0.40219.1
Project("{FAE04EC0-301F-11D3-BF4B-00C04F79EFBC}") = "Common", "Common\Common.csproj", "{94AA0654-25F2-475C-BD9E-E03A0700DE20}"
EndProject
Project("{FAE04EC0-301F-11D3-BF4B-00C04F79EFBC}") = "Controls.Common", "Controls.Common\Controls.Common.csproj", "{50A48520-298C-4DBB-B2C1-B2D90677F4A2}"
EndProject
Project("{FAE04EC0-301F-11D3-BF4B-00C04F79EFBC}") = "Gadgets.Search", "Gadgets\Gadgets.Search\Gadgets.Search.csproj", "{0E143718-D899-46D5-AAA8-58A6E7E569C1}"
EndProject
Project("{FAE04EC0-301F-11D3-BF4B-00C04F79EFBC}") = "Gadgets", "Gadgets\Gadgets\Gadgets.csproj", "{958EBA31-9D49-4FE6-A489-D53A5D5A9E4B}"
EndProject
Project("{FAE04EC0-301F-11D3-BF4B-00C04F79EFBC}") = "Controls.Extended", "Controls.Extended\Controls.Extended.csproj", "{487E78EB-A4E8-4264-AAAE-6E12E5A2A5D5}"
EndProject
Global
	GlobalSection(SolutionConfigurationPlatforms) = preSolution
		Debug|Any CPU = Debug|Any CPU
		Release|Any CPU = Release|Any CPU
	EndGlobalSection
	GlobalSection(ProjectConfigurationPlatforms) = postSolution
		{94AA0654-25F2-475C-BD9E-E03A0700DE20}.Debug|Any CPU.ActiveCfg = Debug|Any CPU
		{94AA0654-25F2-475C-BD9E-E03A0700DE20}.Debug|Any CPU.Build.0 = Debug|Any CPU
		{94AA0654-25F2-475C-BD9E-E03A0700DE20}.Release|Any CPU.ActiveCfg = Release|Any CPU
		{94AA0654-25F2-475C-BD9E-E03A0700DE20}.Release|Any CPU.Build.0 = Release|Any CPU
		{50A48520-298C-4DBB-B2C1-B2D90677F4A2}.Debug|Any CPU.ActiveCfg = Debug|Any CPU
		{50A48520-298C-4DBB-B2C1-B2D90677F4A2}.Debug|Any CPU.Build.0 = Debug|Any CPU
		{50A48520-298C-4DBB-B2C1-B2D90677F4A2}.Release|Any CPU.ActiveCfg = Release|Any CPU
		{50A48520-298C-4DBB-B2C1-B2D90677F4A2}.Release|Any CPU.Build.0 = Release|Any CPU
		{0E143718-D899-46D5-AAA8-58A6E7E569C1}.Debug|Any CPU.ActiveCfg = Debug|Any CPU
		{0E143718-D899-46D5-AAA8-58A6E7E569C1}.Debug|Any CPU.Build.0 = Debug|Any CPU
		{0E143718-D899-46D5-AAA8-58A6E7E569C1}.Release|Any CPU.ActiveCfg = Release|Any CPU
		{0E143718-D899-46D5-AAA8-58A6E7E569C1}.Release|Any CPU.Build.0 = Release|Any CPU
		{958EBA31-9D49-4FE6-A489-D53A5D5A9E4B}.Debug|Any CPU.ActiveCfg = Debug|Any CPU
		{958EBA31-9D49-4FE6-A489-D53A5D5A9E4B}.Debug|Any CPU.Build.0 = Debug|Any CPU
		{958EBA31-9D49-4FE6-A489-D53A5D5A9E4B}.Release|Any CPU.ActiveCfg = Release|Any CPU
		{958EBA31-9D49-4FE6-A489-D53A5D5A9E4B}.Release|Any CPU.Build.0 = Release|Any CPU
		{487E78EB-A4E8-4264-AAAE-6E12E5A2A5D5}.Debug|Any CPU.ActiveCfg = Debug|Any CPU
		{487E78EB-A4E8-4264-AAAE-6E12E5A2A5D5}.Debug|Any CPU.Build.0 = Debug|Any CPU
		{487E78EB-A4E8-4264-AAAE-6E12E5A2A5D5}.Release|Any CPU.ActiveCfg = Release|Any CPU
		{487E78EB-A4E8-4264-AAAE-6E12E5A2A5D5}.Release|Any CPU.Build.0 = Release|Any CPU
	EndGlobalSection
	GlobalSection(SolutionProperties) = preSolution
		HideSolutionNode = FALSE
	EndGlobalSection
EndGlobal
