
Microsoft Visual Studio Solution File, Format Version 12.00
# Visual Studio 15
VisualStudioVersion = 15.0.27130.2027
MinimumVisualStudioVersion = 10.0.40219.1
Project("{2150E333-8FDC-42A3-9474-1A3956D46DE8}") = "Colour", "Colour", "{A9E6447A-A04A-4836-AFE3-75198F68DDE1}"
EndProject
Project("{2150E333-8FDC-42A3-9474-1A3956D46DE8}") = "Common", "Common", "{3F98EBB7-5A0D-4004-8740-4079DD0F9234}"
EndProject
Project("{2150E333-8FDC-42A3-9474-1A3956D46DE8}") = "Demo", "Demo", "{67361259-A0B8-4109-8AAB-2F4A4758EE5E}"
EndProject
Project("{9A19103F-16F7-4668-BE54-9A1E7A4F7556}") = "Colour", "Imagin.Colour\Colour.csproj", "{041EC9F9-45AE-498C-A083-71E0AAB532ED}"
EndProject
Project("{FAE04EC0-301F-11D3-BF4B-00C04F79EFBC}") = "Colour.WPF", "Imagin.Colour.WPF\Colour.WPF.csproj", "{227A2431-A5C0-43A3-A814-6610627ABFFD}"
EndProject
Project("{9A19103F-16F7-4668-BE54-9A1E7A4F7556}") = "Common", "Imagin.Common\Common.csproj", "{AC9EE8C9-D6AD-4F5B-98B4-AEA4A69CD54E}"
EndProject
Project("{FAE04EC0-301F-11D3-BF4B-00C04F79EFBC}") = "Common.WPF", "Imagin.Common.WPF\Common.WPF.csproj", "{6BD41976-F6F8-461F-A071-FABC002761C9}"
EndProject
Project("{FAE04EC0-301F-11D3-BF4B-00C04F79EFBC}") = "Demo", "Demo\Demo.csproj", "{7DA64D63-4035-49F7-879F-09005373414F}"
EndProject
Project("{FAE04EC0-301F-11D3-BF4B-00C04F79EFBC}") = "Common.WPF.Tests", "Imagin.Common.WPF.Tests\Common.WPF.Tests.csproj", "{4F10AAA4-B8E2-4630-AC72-F76B2F62F14D}"
EndProject
Project("{FAE04EC0-301F-11D3-BF4B-00C04F79EFBC}") = "Colour.WPF.Tests", "Imagin.Colour.WPF.Tests\Colour.WPF.Tests.csproj", "{F5C52B62-F85B-4BA9-B65D-90F3856A6603}"
EndProject
Global
	GlobalSection(SolutionConfigurationPlatforms) = preSolution
		Debug|Any CPU = Debug|Any CPU
		Debug|x64 = Debug|x64
		Release|Any CPU = Release|Any CPU
		Release|x64 = Release|x64
	EndGlobalSection
	GlobalSection(ProjectConfigurationPlatforms) = postSolution
		{041EC9F9-45AE-498C-A083-71E0AAB532ED}.Debug|Any CPU.ActiveCfg = Debug|Any CPU
		{041EC9F9-45AE-498C-A083-71E0AAB532ED}.Debug|Any CPU.Build.0 = Debug|Any CPU
		{041EC9F9-45AE-498C-A083-71E0AAB532ED}.Debug|x64.ActiveCfg = Debug|Any CPU
		{041EC9F9-45AE-498C-A083-71E0AAB532ED}.Debug|x64.Build.0 = Debug|Any CPU
		{041EC9F9-45AE-498C-A083-71E0AAB532ED}.Release|Any CPU.ActiveCfg = Release|Any CPU
		{041EC9F9-45AE-498C-A083-71E0AAB532ED}.Release|Any CPU.Build.0 = Release|Any CPU
		{041EC9F9-45AE-498C-A083-71E0AAB532ED}.Release|x64.ActiveCfg = Release|Any CPU
		{041EC9F9-45AE-498C-A083-71E0AAB532ED}.Release|x64.Build.0 = Release|Any CPU
		{227A2431-A5C0-43A3-A814-6610627ABFFD}.Debug|Any CPU.ActiveCfg = Debug|Any CPU
		{227A2431-A5C0-43A3-A814-6610627ABFFD}.Debug|Any CPU.Build.0 = Debug|Any CPU
		{227A2431-A5C0-43A3-A814-6610627ABFFD}.Debug|x64.ActiveCfg = Debug|Any CPU
		{227A2431-A5C0-43A3-A814-6610627ABFFD}.Debug|x64.Build.0 = Debug|Any CPU
		{227A2431-A5C0-43A3-A814-6610627ABFFD}.Release|Any CPU.ActiveCfg = Release|Any CPU
		{227A2431-A5C0-43A3-A814-6610627ABFFD}.Release|Any CPU.Build.0 = Release|Any CPU
		{227A2431-A5C0-43A3-A814-6610627ABFFD}.Release|x64.ActiveCfg = Release|Any CPU
		{227A2431-A5C0-43A3-A814-6610627ABFFD}.Release|x64.Build.0 = Release|Any CPU
		{AC9EE8C9-D6AD-4F5B-98B4-AEA4A69CD54E}.Debug|Any CPU.ActiveCfg = Debug|Any CPU
		{AC9EE8C9-D6AD-4F5B-98B4-AEA4A69CD54E}.Debug|Any CPU.Build.0 = Debug|Any CPU
		{AC9EE8C9-D6AD-4F5B-98B4-AEA4A69CD54E}.Debug|x64.ActiveCfg = Debug|Any CPU
		{AC9EE8C9-D6AD-4F5B-98B4-AEA4A69CD54E}.Debug|x64.Build.0 = Debug|Any CPU
		{AC9EE8C9-D6AD-4F5B-98B4-AEA4A69CD54E}.Release|Any CPU.ActiveCfg = Release|Any CPU
		{AC9EE8C9-D6AD-4F5B-98B4-AEA4A69CD54E}.Release|Any CPU.Build.0 = Release|Any CPU
		{AC9EE8C9-D6AD-4F5B-98B4-AEA4A69CD54E}.Release|x64.ActiveCfg = Release|Any CPU
		{AC9EE8C9-D6AD-4F5B-98B4-AEA4A69CD54E}.Release|x64.Build.0 = Release|Any CPU
		{6BD41976-F6F8-461F-A071-FABC002761C9}.Debug|Any CPU.ActiveCfg = Debug|Any CPU
		{6BD41976-F6F8-461F-A071-FABC002761C9}.Debug|Any CPU.Build.0 = Debug|Any CPU
		{6BD41976-F6F8-461F-A071-FABC002761C9}.Debug|x64.ActiveCfg = Debug|Any CPU
		{6BD41976-F6F8-461F-A071-FABC002761C9}.Debug|x64.Build.0 = Debug|Any CPU
		{6BD41976-F6F8-461F-A071-FABC002761C9}.Release|Any CPU.ActiveCfg = Release|Any CPU
		{6BD41976-F6F8-461F-A071-FABC002761C9}.Release|Any CPU.Build.0 = Release|Any CPU
		{6BD41976-F6F8-461F-A071-FABC002761C9}.Release|x64.ActiveCfg = Release|Any CPU
		{6BD41976-F6F8-461F-A071-FABC002761C9}.Release|x64.Build.0 = Release|Any CPU
		{7DA64D63-4035-49F7-879F-09005373414F}.Debug|Any CPU.ActiveCfg = Debug|Any CPU
		{7DA64D63-4035-49F7-879F-09005373414F}.Debug|Any CPU.Build.0 = Debug|Any CPU
		{7DA64D63-4035-49F7-879F-09005373414F}.Debug|x64.ActiveCfg = Debug|x64
		{7DA64D63-4035-49F7-879F-09005373414F}.Debug|x64.Build.0 = Debug|x64
		{7DA64D63-4035-49F7-879F-09005373414F}.Release|Any CPU.ActiveCfg = Release|Any CPU
		{7DA64D63-4035-49F7-879F-09005373414F}.Release|Any CPU.Build.0 = Release|Any CPU
		{7DA64D63-4035-49F7-879F-09005373414F}.Release|x64.ActiveCfg = Release|x64
		{7DA64D63-4035-49F7-879F-09005373414F}.Release|x64.Build.0 = Release|x64
		{4F10AAA4-B8E2-4630-AC72-F76B2F62F14D}.Debug|Any CPU.ActiveCfg = Debug|Any CPU
		{4F10AAA4-B8E2-4630-AC72-F76B2F62F14D}.Debug|Any CPU.Build.0 = Debug|Any CPU
		{4F10AAA4-B8E2-4630-AC72-F76B2F62F14D}.Debug|x64.ActiveCfg = Debug|Any CPU
		{4F10AAA4-B8E2-4630-AC72-F76B2F62F14D}.Debug|x64.Build.0 = Debug|Any CPU
		{4F10AAA4-B8E2-4630-AC72-F76B2F62F14D}.Release|Any CPU.ActiveCfg = Release|Any CPU
		{4F10AAA4-B8E2-4630-AC72-F76B2F62F14D}.Release|Any CPU.Build.0 = Release|Any CPU
		{4F10AAA4-B8E2-4630-AC72-F76B2F62F14D}.Release|x64.ActiveCfg = Release|Any CPU
		{4F10AAA4-B8E2-4630-AC72-F76B2F62F14D}.Release|x64.Build.0 = Release|Any CPU
		{F5C52B62-F85B-4BA9-B65D-90F3856A6603}.Debug|Any CPU.ActiveCfg = Debug|Any CPU
		{F5C52B62-F85B-4BA9-B65D-90F3856A6603}.Debug|Any CPU.Build.0 = Debug|Any CPU
		{F5C52B62-F85B-4BA9-B65D-90F3856A6603}.Debug|x64.ActiveCfg = Debug|Any CPU
		{F5C52B62-F85B-4BA9-B65D-90F3856A6603}.Debug|x64.Build.0 = Debug|Any CPU
		{F5C52B62-F85B-4BA9-B65D-90F3856A6603}.Release|Any CPU.ActiveCfg = Release|Any CPU
		{F5C52B62-F85B-4BA9-B65D-90F3856A6603}.Release|Any CPU.Build.0 = Release|Any CPU
		{F5C52B62-F85B-4BA9-B65D-90F3856A6603}.Release|x64.ActiveCfg = Release|Any CPU
		{F5C52B62-F85B-4BA9-B65D-90F3856A6603}.Release|x64.Build.0 = Release|Any CPU
	EndGlobalSection
	GlobalSection(SolutionProperties) = preSolution
		HideSolutionNode = FALSE
	EndGlobalSection
	GlobalSection(NestedProjects) = preSolution
		{041EC9F9-45AE-498C-A083-71E0AAB532ED} = {A9E6447A-A04A-4836-AFE3-75198F68DDE1}
		{227A2431-A5C0-43A3-A814-6610627ABFFD} = {A9E6447A-A04A-4836-AFE3-75198F68DDE1}
		{AC9EE8C9-D6AD-4F5B-98B4-AEA4A69CD54E} = {3F98EBB7-5A0D-4004-8740-4079DD0F9234}
		{6BD41976-F6F8-461F-A071-FABC002761C9} = {3F98EBB7-5A0D-4004-8740-4079DD0F9234}
		{7DA64D63-4035-49F7-879F-09005373414F} = {67361259-A0B8-4109-8AAB-2F4A4758EE5E}
		{4F10AAA4-B8E2-4630-AC72-F76B2F62F14D} = {3F98EBB7-5A0D-4004-8740-4079DD0F9234}
		{F5C52B62-F85B-4BA9-B65D-90F3856A6603} = {A9E6447A-A04A-4836-AFE3-75198F68DDE1}
	EndGlobalSection
	GlobalSection(ExtensibilityGlobals) = postSolution
		SolutionGuid = {12CDF749-3833-4677-866A-D2224A650A5E}
	EndGlobalSection
EndGlobal
