
Microsoft Visual Studio Solution File, Format Version 12.00
# Visual Studio Version 17
VisualStudioVersion = 17.0.32112.339
MinimumVisualStudioVersion = 10.0.40219.1
Project("{2150E333-8FDC-42A3-9474-1A3956D46DE8}") = "Common", "Common", "{3F98EBB7-5A0D-4004-8740-4079DD0F9234}"
EndProject
Project("{2150E333-8FDC-42A3-9474-1A3956D46DE8}") = "Demo", "Demo", "{67361259-A0B8-4109-8AAB-2F4A4758EE5E}"
EndProject
Project("{9A19103F-16F7-4668-BE54-9A1E7A4F7556}") = "Common", "Imagin.Common\Common.csproj", "{AC9EE8C9-D6AD-4F5B-98B4-AEA4A69CD54E}"
EndProject
Project("{FAE04EC0-301F-11D3-BF4B-00C04F79EFBC}") = "Common.WPF", "Imagin.Common.WPF\Common.WPF.csproj", "{6BD41976-F6F8-461F-A071-FABC002761C9}"
EndProject
Project("{FAE04EC0-301F-11D3-BF4B-00C04F79EFBC}") = "Demo", "Demo\Demo.csproj", "{7DA64D63-4035-49F7-879F-09005373414F}"
EndProject
Project("{2150E333-8FDC-42A3-9474-1A3956D46DE8}") = "Apps", "Apps", "{DD7D7562-6D57-48F8-B3C6-5E956C17522F}"
EndProject
Project("{FAE04EC0-301F-11D3-BF4B-00C04F79EFBC}") = "Desktop", "Apps.Desktop\Desktop.csproj", "{6EBA45A7-CED5-44F0-AA81-E7F9D1E71187}"
EndProject
Project("{FAE04EC0-301F-11D3-BF4B-00C04F79EFBC}") = "Color", "Apps.Color\Color.csproj", "{A4FC4907-3C59-4091-8886-B389F3BA073E}"
EndProject
Project("{2150E333-8FDC-42A3-9474-1A3956D46DE8}") = "C++", "C++", "{DA389D4C-2C42-4D49-9F99-D412676C54F5}"
EndProject
Project("{8BC9CEB8-8B4A-11D0-8D11-00A0C91BC942}") = "MasterVolume", "MasterVolume\MasterVolume.vcxproj", "{AB876220-7460-41C5-847E-FAE3D7239FE2}"
EndProject
Project("{FAE04EC0-301F-11D3-BF4B-00C04F79EFBC}") = "Paint", "Apps.Paint\Paint.csproj", "{50373482-8119-4FF8-AD67-C5487F7851A2}"
EndProject
Project("{2150E333-8FDC-42A3-9474-1A3956D46DE8}") = "Help", "Help", "{8ECBB617-A41D-4CE8-BB0B-4DF64C9A5F65}"
	ProjectSection(SolutionItems) = preProject
		LICENSE = LICENSE
		readme.md = readme.md
	EndProjectSection
EndProject
Project("{2150E333-8FDC-42A3-9474-1A3956D46DE8}") = "Config", "Config", "{576A778D-46A7-4ACB-B330-AF9FA049FC22}"
	ProjectSection(SolutionItems) = preProject
		.editorconfig = .editorconfig
	EndProjectSection
EndProject
Project("{2150E333-8FDC-42A3-9474-1A3956D46DE8}") = "Styles", "Styles", "{3850785B-2BA2-4014-A79B-487227D4AB3D}"
	ProjectSection(SolutionItems) = preProject
		Imagin.Common.WPF\Styles\Generic\AngleControl.xaml = Imagin.Common.WPF\Styles\Generic\AngleControl.xaml
		Imagin.Common.WPF\Styles\Generic\Border.xaml = Imagin.Common.WPF\Styles\Generic\Border.xaml
		Imagin.Common.WPF\Styles\Generic\Browser.xaml = Imagin.Common.WPF\Styles\Generic\Browser.xaml
		Imagin.Common.WPF\Styles\Generic\Button.xaml = Imagin.Common.WPF\Styles\Generic\Button.xaml
		Imagin.Common.WPF\Styles\Generic\Calendar.xaml = Imagin.Common.WPF\Styles\Generic\Calendar.xaml
		Imagin.Common.WPF\Styles\Generic\Canvas.xaml = Imagin.Common.WPF\Styles\Generic\Canvas.xaml
		Imagin.Common.WPF\Styles\Generic\Clock.xaml = Imagin.Common.WPF\Styles\Generic\Clock.xaml
		Imagin.Common.WPF\Styles\Generic\Color.xaml = Imagin.Common.WPF\Styles\Generic\Color.xaml
		Imagin.Common.WPF\Styles\Generic\ColorControl.xaml = Imagin.Common.WPF\Styles\Generic\ColorControl.xaml
		Imagin.Common.WPF\Styles\Generic\ColorHexagon.xaml = Imagin.Common.WPF\Styles\Generic\ColorHexagon.xaml
		Imagin.Common.WPF\Styles\Generic\ColorSelector.xaml = Imagin.Common.WPF\Styles\Generic\ColorSelector.xaml
		Imagin.Common.WPF\Styles\Generic\ComboBox.xaml = Imagin.Common.WPF\Styles\Generic\ComboBox.xaml
		Imagin.Common.WPF\Styles\Generic\Console.xaml = Imagin.Common.WPF\Styles\Generic\Console.xaml
		Imagin.Common.WPF\Styles\Generic\ContentControl.xaml = Imagin.Common.WPF\Styles\Generic\ContentControl.xaml
		Imagin.Common.WPF\Styles\Generic\ContextMenu.xaml = Imagin.Common.WPF\Styles\Generic\ContextMenu.xaml
		Imagin.Common.WPF\Styles\Generic\Control.xaml = Imagin.Common.WPF\Styles\Generic\Control.xaml
		Imagin.Common.WPF\Styles\Generic\Controls.xaml = Imagin.Common.WPF\Styles\Generic\Controls.xaml
		Imagin.Common.WPF\Styles\Generic\DataGrid.xaml = Imagin.Common.WPF\Styles\Generic\DataGrid.xaml
		Imagin.Common.WPF\Styles\Generic\DatePicker.xaml = Imagin.Common.WPF\Styles\Generic\DatePicker.xaml
		Imagin.Common.WPF\Styles\Generic\DockControl.xaml = Imagin.Common.WPF\Styles\Generic\DockControl.xaml
		Imagin.Common.WPF\Styles\Generic\Expander.xaml = Imagin.Common.WPF\Styles\Generic\Expander.xaml
		Imagin.Common.WPF\Styles\Generic\Explorer.xaml = Imagin.Common.WPF\Styles\Generic\Explorer.xaml
		Imagin.Common.WPF\Styles\Generic\FindControl.xaml = Imagin.Common.WPF\Styles\Generic\FindControl.xaml
		Imagin.Common.WPF\Styles\Generic\FlowDocument.xaml = Imagin.Common.WPF\Styles\Generic\FlowDocument.xaml
		Imagin.Common.WPF\Styles\Generic\FrameworkElement.xaml = Imagin.Common.WPF\Styles\Generic\FrameworkElement.xaml
		Imagin.Common.WPF\Styles\Generic\GridSplitter.xaml = Imagin.Common.WPF\Styles\Generic\GridSplitter.xaml
		Imagin.Common.WPF\Styles\Generic\GridView.xaml = Imagin.Common.WPF\Styles\Generic\GridView.xaml
		Imagin.Common.WPF\Styles\Generic\GroupBox.xaml = Imagin.Common.WPF\Styles\Generic\GroupBox.xaml
		Imagin.Common.WPF\Styles\Generic\GroupItem.xaml = Imagin.Common.WPF\Styles\Generic\GroupItem.xaml
		Imagin.Common.WPF\Styles\Generic\Hyperlink.xaml = Imagin.Common.WPF\Styles\Generic\Hyperlink.xaml
		Imagin.Common.WPF\Styles\Generic\ItemsControl.xaml = Imagin.Common.WPF\Styles\Generic\ItemsControl.xaml
		Imagin.Common.WPF\Styles\Generic\Label.xaml = Imagin.Common.WPF\Styles\Generic\Label.xaml
		Imagin.Common.WPF\Styles\Generic\ListBox.xaml = Imagin.Common.WPF\Styles\Generic\ListBox.xaml
		Imagin.Common.WPF\Styles\Generic\Member.xaml = Imagin.Common.WPF\Styles\Generic\Member.xaml
		Imagin.Common.WPF\Styles\Generic\Menu.xaml = Imagin.Common.WPF\Styles\Generic\Menu.xaml
		Imagin.Common.WPF\Styles\Generic\Navigator.xaml = Imagin.Common.WPF\Styles\Generic\Navigator.xaml
		Imagin.Common.WPF\Styles\Generic\PasswordBox.xaml = Imagin.Common.WPF\Styles\Generic\PasswordBox.xaml
		Imagin.Common.WPF\Styles\Generic\PickerBox.xaml = Imagin.Common.WPF\Styles\Generic\PickerBox.xaml
		Imagin.Common.WPF\Styles\Generic\Popup.xaml = Imagin.Common.WPF\Styles\Generic\Popup.xaml
		Imagin.Common.WPF\Styles\Generic\Presenter.xaml = Imagin.Common.WPF\Styles\Generic\Presenter.xaml
		Imagin.Common.WPF\Styles\Generic\ProgressBar.xaml = Imagin.Common.WPF\Styles\Generic\ProgressBar.xaml
		Imagin.Common.WPF\Styles\Generic\ProgressCircle.xaml = Imagin.Common.WPF\Styles\Generic\ProgressCircle.xaml
		Imagin.Common.WPF\Styles\Generic\ProgressRing.xaml = Imagin.Common.WPF\Styles\Generic\ProgressRing.xaml
		Imagin.Common.WPF\Styles\Generic\PropertyGrid.xaml = Imagin.Common.WPF\Styles\Generic\PropertyGrid.xaml
		Imagin.Common.WPF\Styles\Generic\Ruler.xaml = Imagin.Common.WPF\Styles\Generic\Ruler.xaml
		Imagin.Common.WPF\Styles\Generic\ScrollViewer.xaml = Imagin.Common.WPF\Styles\Generic\ScrollViewer.xaml
		Imagin.Common.WPF\Styles\Generic\Separator.xaml = Imagin.Common.WPF\Styles\Generic\Separator.xaml
		Imagin.Common.WPF\Styles\Generic\Slider.xaml = Imagin.Common.WPF\Styles\Generic\Slider.xaml
		Imagin.Common.WPF\Styles\Generic\SplitGrid.xaml = Imagin.Common.WPF\Styles\Generic\SplitGrid.xaml
		Imagin.Common.WPF\Styles\Generic\StatusBar.xaml = Imagin.Common.WPF\Styles\Generic\StatusBar.xaml
		Imagin.Common.WPF\Styles\Generic\TabControl.xaml = Imagin.Common.WPF\Styles\Generic\TabControl.xaml
		Imagin.Common.WPF\Styles\Generic\Table.xaml = Imagin.Common.WPF\Styles\Generic\Table.xaml
		Imagin.Common.WPF\Styles\Generic\TextBlock.xaml = Imagin.Common.WPF\Styles\Generic\TextBlock.xaml
		Imagin.Common.WPF\Styles\Generic\TextBox.xaml = Imagin.Common.WPF\Styles\Generic\TextBox.xaml
		Imagin.Common.WPF\Styles\Generic\Thumbnail.xaml = Imagin.Common.WPF\Styles\Generic\Thumbnail.xaml
		Imagin.Common.WPF\Styles\Generic\ToggleButton.xaml = Imagin.Common.WPF\Styles\Generic\ToggleButton.xaml
		Imagin.Common.WPF\Styles\Generic\ToolBar.xaml = Imagin.Common.WPF\Styles\Generic\ToolBar.xaml
		Imagin.Common.WPF\Styles\Generic\ToolTip.xaml = Imagin.Common.WPF\Styles\Generic\ToolTip.xaml
		Imagin.Common.WPF\Styles\Generic\TreeView.xaml = Imagin.Common.WPF\Styles\Generic\TreeView.xaml
		Imagin.Common.WPF\Styles\Generic\Window.xaml = Imagin.Common.WPF\Styles\Generic\Window.xaml
	EndProjectSection
EndProject
Project("{2150E333-8FDC-42A3-9474-1A3956D46DE8}") = "Linq", "Linq", "{7F782465-07FC-4828-A0CD-2C40F8D45DC0}"
	ProjectSection(SolutionItems) = preProject
		Imagin.Common.WPF\Linq\Dependency\Border.cs = Imagin.Common.WPF\Linq\Dependency\Border.cs
		Imagin.Common.WPF\Linq\Dependency\Button.cs = Imagin.Common.WPF\Linq\Dependency\Button.cs
		Imagin.Common.WPF\Linq\Dependency\Canvas.cs = Imagin.Common.WPF\Linq\Dependency\Canvas.cs
		Imagin.Common.WPF\Linq\Dependency\CheckBox.cs = Imagin.Common.WPF\Linq\Dependency\CheckBox.cs
		Imagin.Common.WPF\Linq\Dependency\ComboBox.cs = Imagin.Common.WPF\Linq\Dependency\ComboBox.cs
		Imagin.Common.WPF\Linq\Dependency\ComboBoxItem.cs = Imagin.Common.WPF\Linq\Dependency\ComboBoxItem.cs
		Imagin.Common.WPF\Linq\Dependency\Control.cs = Imagin.Common.WPF\Linq\Dependency\Control.cs
		Imagin.Common.WPF\Linq\Dependency\DataGrid.cs = Imagin.Common.WPF\Linq\Dependency\DataGrid.cs
		Imagin.Common.WPF\Linq\Dependency\DataGridRow.cs = Imagin.Common.WPF\Linq\Dependency\DataGridRow.cs
		Imagin.Common.WPF\Linq\Dependency\DatePicker.cs = Imagin.Common.WPF\Linq\Dependency\DatePicker.cs
		Imagin.Common.WPF\Linq\Dependency\DependencyObject.cs = Imagin.Common.WPF\Linq\Dependency\DependencyObject.cs
		Imagin.Common.WPF\Linq\Dependency\Explorer.cs = Imagin.Common.WPF\Linq\Dependency\Explorer.cs
		Imagin.Common.WPF\Linq\Dependency\FlowDocument.cs = Imagin.Common.WPF\Linq\Dependency\FlowDocument.cs
		Imagin.Common.WPF\Linq\Dependency\FrameworkElement.cs = Imagin.Common.WPF\Linq\Dependency\FrameworkElement.cs
		Imagin.Common.WPF\Linq\Dependency\Grid.cs = Imagin.Common.WPF\Linq\Dependency\Grid.cs
		Imagin.Common.WPF\Linq\Dependency\GridSplitter.cs = Imagin.Common.WPF\Linq\Dependency\GridSplitter.cs
		Imagin.Common.WPF\Linq\Dependency\GridView.cs = Imagin.Common.WPF\Linq\Dependency\GridView.cs
		Imagin.Common.WPF\Linq\Dependency\GridViewColumn.cs = Imagin.Common.WPF\Linq\Dependency\GridViewColumn.cs
		Imagin.Common.WPF\Linq\Dependency\GridViewColumnHeader.cs = Imagin.Common.WPF\Linq\Dependency\GridViewColumnHeader.cs
		Imagin.Common.WPF\Linq\Dependency\HeaderedContentControl.cs = Imagin.Common.WPF\Linq\Dependency\HeaderedContentControl.cs
		Imagin.Common.WPF\Linq\Dependency\Hyperlink.cs = Imagin.Common.WPF\Linq\Dependency\Hyperlink.cs
		Imagin.Common.WPF\Linq\Dependency\ItemsControl.cs = Imagin.Common.WPF\Linq\Dependency\ItemsControl.cs
		Imagin.Common.WPF\Linq\Dependency\ListBox.cs = Imagin.Common.WPF\Linq\Dependency\ListBox.cs
		Imagin.Common.WPF\Linq\Dependency\ListBoxItem.cs = Imagin.Common.WPF\Linq\Dependency\ListBoxItem.cs
		Imagin.Common.WPF\Linq\Dependency\MenuItem.cs = Imagin.Common.WPF\Linq\Dependency\MenuItem.cs
		Imagin.Common.WPF\Linq\Dependency\Panel.cs = Imagin.Common.WPF\Linq\Dependency\Panel.cs
		Imagin.Common.WPF\Linq\Dependency\Paragraph.cs = Imagin.Common.WPF\Linq\Dependency\Paragraph.cs
		Imagin.Common.WPF\Linq\Dependency\PasswordBox.cs = Imagin.Common.WPF\Linq\Dependency\PasswordBox.cs
		Imagin.Common.WPF\Linq\Dependency\Popup.cs = Imagin.Common.WPF\Linq\Dependency\Popup.cs
		Imagin.Common.WPF\Linq\Dependency\ProgressBar.cs = Imagin.Common.WPF\Linq\Dependency\ProgressBar.cs
		Imagin.Common.WPF\Linq\Dependency\RichTextBox.cs = Imagin.Common.WPF\Linq\Dependency\RichTextBox.cs
		Imagin.Common.WPF\Linq\Dependency\ScrollViewer.cs = Imagin.Common.WPF\Linq\Dependency\ScrollViewer.cs
		Imagin.Common.WPF\Linq\Dependency\Selector.cs = Imagin.Common.WPF\Linq\Dependency\Selector.cs
		Imagin.Common.WPF\Linq\Dependency\Separator.cs = Imagin.Common.WPF\Linq\Dependency\Separator.cs
		Imagin.Common.WPF\Linq\Dependency\TabControl.cs = Imagin.Common.WPF\Linq\Dependency\TabControl.cs
		Imagin.Common.WPF\Linq\Dependency\TextBlock.cs = Imagin.Common.WPF\Linq\Dependency\TextBlock.cs
		Imagin.Common.WPF\Linq\Dependency\TextBox.cs = Imagin.Common.WPF\Linq\Dependency\TextBox.cs
		Imagin.Common.WPF\Linq\Dependency\TextBoxBase.cs = Imagin.Common.WPF\Linq\Dependency\TextBoxBase.cs
		Imagin.Common.WPF\Linq\Dependency\ToggleButton.cs = Imagin.Common.WPF\Linq\Dependency\ToggleButton.cs
		Imagin.Common.WPF\Linq\Dependency\TreeView.cs = Imagin.Common.WPF\Linq\Dependency\TreeView.cs
		Imagin.Common.WPF\Linq\Dependency\TreeViewItem.cs = Imagin.Common.WPF\Linq\Dependency\TreeViewItem.cs
		Imagin.Common.WPF\Linq\Dependency\UIElement.cs = Imagin.Common.WPF\Linq\Dependency\UIElement.cs
		Imagin.Common.WPF\Linq\Dependency\Window.cs = Imagin.Common.WPF\Linq\Dependency\Window.cs
	EndProjectSection
EndProject
Project("{2150E333-8FDC-42A3-9474-1A3956D46DE8}") = "Links", "Links", "{84827BFF-DD4D-45B5-BD18-42465C662608}"
EndProject
Project("{2150E333-8FDC-42A3-9474-1A3956D46DE8}") = "Theme", "Theme", "{5E1853D0-69A8-4B75-B368-3254E317134B}"
	ProjectSection(SolutionItems) = preProject
		Imagin.Common.WPF\Theme\Default\Blaze.xaml = Imagin.Common.WPF\Theme\Default\Blaze.xaml
		Imagin.Common.WPF\Theme\Default\Chocolate.xaml = Imagin.Common.WPF\Theme\Default\Chocolate.xaml
		Imagin.Common.WPF\Theme\Default\Dark.xaml = Imagin.Common.WPF\Theme\Default\Dark.xaml
		Imagin.Common.WPF\Theme\Default\Jungle.xaml = Imagin.Common.WPF\Theme\Default\Jungle.xaml
		Imagin.Common.WPF\Theme\Default\Light.xaml = Imagin.Common.WPF\Theme\Default\Light.xaml
		Imagin.Common.WPF\Theme\Default\Midnight.xaml = Imagin.Common.WPF\Theme\Default\Midnight.xaml
		Imagin.Common.WPF\Theme\Default\Violet.xaml = Imagin.Common.WPF\Theme\Default\Violet.xaml
	EndProjectSection
EndProject
Global
	GlobalSection(SolutionConfigurationPlatforms) = preSolution
		Debug|Any CPU = Debug|Any CPU
		Debug|x64 = Debug|x64
		Debug|x86 = Debug|x86
		Release|Any CPU = Release|Any CPU
		Release|x64 = Release|x64
		Release|x86 = Release|x86
	EndGlobalSection
	GlobalSection(ProjectConfigurationPlatforms) = postSolution
		{AC9EE8C9-D6AD-4F5B-98B4-AEA4A69CD54E}.Debug|Any CPU.ActiveCfg = Debug|Any CPU
		{AC9EE8C9-D6AD-4F5B-98B4-AEA4A69CD54E}.Debug|Any CPU.Build.0 = Debug|Any CPU
		{AC9EE8C9-D6AD-4F5B-98B4-AEA4A69CD54E}.Debug|x64.ActiveCfg = Debug|Any CPU
		{AC9EE8C9-D6AD-4F5B-98B4-AEA4A69CD54E}.Debug|x64.Build.0 = Debug|Any CPU
		{AC9EE8C9-D6AD-4F5B-98B4-AEA4A69CD54E}.Debug|x86.ActiveCfg = Debug|Any CPU
		{AC9EE8C9-D6AD-4F5B-98B4-AEA4A69CD54E}.Debug|x86.Build.0 = Debug|Any CPU
		{AC9EE8C9-D6AD-4F5B-98B4-AEA4A69CD54E}.Release|Any CPU.ActiveCfg = Debug|Any CPU
		{AC9EE8C9-D6AD-4F5B-98B4-AEA4A69CD54E}.Release|Any CPU.Build.0 = Debug|Any CPU
		{AC9EE8C9-D6AD-4F5B-98B4-AEA4A69CD54E}.Release|x64.ActiveCfg = Debug|Any CPU
		{AC9EE8C9-D6AD-4F5B-98B4-AEA4A69CD54E}.Release|x64.Build.0 = Debug|Any CPU
		{AC9EE8C9-D6AD-4F5B-98B4-AEA4A69CD54E}.Release|x86.ActiveCfg = Debug|Any CPU
		{AC9EE8C9-D6AD-4F5B-98B4-AEA4A69CD54E}.Release|x86.Build.0 = Debug|Any CPU
		{6BD41976-F6F8-461F-A071-FABC002761C9}.Debug|Any CPU.ActiveCfg = Debug|Any CPU
		{6BD41976-F6F8-461F-A071-FABC002761C9}.Debug|Any CPU.Build.0 = Debug|Any CPU
		{6BD41976-F6F8-461F-A071-FABC002761C9}.Debug|x64.ActiveCfg = Debug|Any CPU
		{6BD41976-F6F8-461F-A071-FABC002761C9}.Debug|x64.Build.0 = Debug|Any CPU
		{6BD41976-F6F8-461F-A071-FABC002761C9}.Debug|x86.ActiveCfg = Debug|Any CPU
		{6BD41976-F6F8-461F-A071-FABC002761C9}.Debug|x86.Build.0 = Debug|Any CPU
		{6BD41976-F6F8-461F-A071-FABC002761C9}.Release|Any CPU.ActiveCfg = Debug|Any CPU
		{6BD41976-F6F8-461F-A071-FABC002761C9}.Release|Any CPU.Build.0 = Debug|Any CPU
		{6BD41976-F6F8-461F-A071-FABC002761C9}.Release|x64.ActiveCfg = Debug|Any CPU
		{6BD41976-F6F8-461F-A071-FABC002761C9}.Release|x64.Build.0 = Debug|Any CPU
		{6BD41976-F6F8-461F-A071-FABC002761C9}.Release|x86.ActiveCfg = Debug|Any CPU
		{6BD41976-F6F8-461F-A071-FABC002761C9}.Release|x86.Build.0 = Debug|Any CPU
		{7DA64D63-4035-49F7-879F-09005373414F}.Debug|Any CPU.ActiveCfg = Debug|Any CPU
		{7DA64D63-4035-49F7-879F-09005373414F}.Debug|Any CPU.Build.0 = Debug|Any CPU
		{7DA64D63-4035-49F7-879F-09005373414F}.Debug|x64.ActiveCfg = Debug|x64
		{7DA64D63-4035-49F7-879F-09005373414F}.Debug|x64.Build.0 = Debug|x64
		{7DA64D63-4035-49F7-879F-09005373414F}.Debug|x86.ActiveCfg = Debug|Any CPU
		{7DA64D63-4035-49F7-879F-09005373414F}.Debug|x86.Build.0 = Debug|Any CPU
		{7DA64D63-4035-49F7-879F-09005373414F}.Release|Any CPU.ActiveCfg = Debug|Any CPU
		{7DA64D63-4035-49F7-879F-09005373414F}.Release|Any CPU.Build.0 = Debug|Any CPU
		{7DA64D63-4035-49F7-879F-09005373414F}.Release|x64.ActiveCfg = Debug|x64
		{7DA64D63-4035-49F7-879F-09005373414F}.Release|x64.Build.0 = Debug|x64
		{7DA64D63-4035-49F7-879F-09005373414F}.Release|x86.ActiveCfg = Debug|Any CPU
		{7DA64D63-4035-49F7-879F-09005373414F}.Release|x86.Build.0 = Debug|Any CPU
		{6EBA45A7-CED5-44F0-AA81-E7F9D1E71187}.Debug|Any CPU.ActiveCfg = Debug|Any CPU
		{6EBA45A7-CED5-44F0-AA81-E7F9D1E71187}.Debug|Any CPU.Build.0 = Debug|Any CPU
		{6EBA45A7-CED5-44F0-AA81-E7F9D1E71187}.Debug|x64.ActiveCfg = Debug|x64
		{6EBA45A7-CED5-44F0-AA81-E7F9D1E71187}.Debug|x64.Build.0 = Debug|x64
		{6EBA45A7-CED5-44F0-AA81-E7F9D1E71187}.Debug|x86.ActiveCfg = Debug|Any CPU
		{6EBA45A7-CED5-44F0-AA81-E7F9D1E71187}.Debug|x86.Build.0 = Debug|Any CPU
		{6EBA45A7-CED5-44F0-AA81-E7F9D1E71187}.Release|Any CPU.ActiveCfg = Debug|Any CPU
		{6EBA45A7-CED5-44F0-AA81-E7F9D1E71187}.Release|Any CPU.Build.0 = Debug|Any CPU
		{6EBA45A7-CED5-44F0-AA81-E7F9D1E71187}.Release|x64.ActiveCfg = Debug|x64
		{6EBA45A7-CED5-44F0-AA81-E7F9D1E71187}.Release|x64.Build.0 = Debug|x64
		{6EBA45A7-CED5-44F0-AA81-E7F9D1E71187}.Release|x86.ActiveCfg = Debug|Any CPU
		{6EBA45A7-CED5-44F0-AA81-E7F9D1E71187}.Release|x86.Build.0 = Debug|Any CPU
		{A4FC4907-3C59-4091-8886-B389F3BA073E}.Debug|Any CPU.ActiveCfg = Debug|Any CPU
		{A4FC4907-3C59-4091-8886-B389F3BA073E}.Debug|Any CPU.Build.0 = Debug|Any CPU
		{A4FC4907-3C59-4091-8886-B389F3BA073E}.Debug|x64.ActiveCfg = Debug|Any CPU
		{A4FC4907-3C59-4091-8886-B389F3BA073E}.Debug|x64.Build.0 = Debug|Any CPU
		{A4FC4907-3C59-4091-8886-B389F3BA073E}.Debug|x86.ActiveCfg = Debug|Any CPU
		{A4FC4907-3C59-4091-8886-B389F3BA073E}.Debug|x86.Build.0 = Debug|Any CPU
		{A4FC4907-3C59-4091-8886-B389F3BA073E}.Release|Any CPU.ActiveCfg = Debug|Any CPU
		{A4FC4907-3C59-4091-8886-B389F3BA073E}.Release|Any CPU.Build.0 = Debug|Any CPU
		{A4FC4907-3C59-4091-8886-B389F3BA073E}.Release|x64.ActiveCfg = Debug|Any CPU
		{A4FC4907-3C59-4091-8886-B389F3BA073E}.Release|x64.Build.0 = Debug|Any CPU
		{A4FC4907-3C59-4091-8886-B389F3BA073E}.Release|x86.ActiveCfg = Debug|Any CPU
		{A4FC4907-3C59-4091-8886-B389F3BA073E}.Release|x86.Build.0 = Debug|Any CPU
		{AB876220-7460-41C5-847E-FAE3D7239FE2}.Debug|Any CPU.ActiveCfg = Debug|Win32
		{AB876220-7460-41C5-847E-FAE3D7239FE2}.Debug|x64.ActiveCfg = Debug|x64
		{AB876220-7460-41C5-847E-FAE3D7239FE2}.Debug|x64.Build.0 = Debug|x64
		{AB876220-7460-41C5-847E-FAE3D7239FE2}.Debug|x86.ActiveCfg = Debug|Win32
		{AB876220-7460-41C5-847E-FAE3D7239FE2}.Debug|x86.Build.0 = Debug|Win32
		{AB876220-7460-41C5-847E-FAE3D7239FE2}.Release|Any CPU.ActiveCfg = Debug|x64
		{AB876220-7460-41C5-847E-FAE3D7239FE2}.Release|Any CPU.Build.0 = Debug|x64
		{AB876220-7460-41C5-847E-FAE3D7239FE2}.Release|x64.ActiveCfg = Debug|x64
		{AB876220-7460-41C5-847E-FAE3D7239FE2}.Release|x64.Build.0 = Debug|x64
		{AB876220-7460-41C5-847E-FAE3D7239FE2}.Release|x86.ActiveCfg = Debug|Win32
		{AB876220-7460-41C5-847E-FAE3D7239FE2}.Release|x86.Build.0 = Debug|Win32
		{50373482-8119-4FF8-AD67-C5487F7851A2}.Debug|Any CPU.ActiveCfg = Debug|Any CPU
		{50373482-8119-4FF8-AD67-C5487F7851A2}.Debug|Any CPU.Build.0 = Debug|Any CPU
		{50373482-8119-4FF8-AD67-C5487F7851A2}.Debug|x64.ActiveCfg = Debug|Any CPU
		{50373482-8119-4FF8-AD67-C5487F7851A2}.Debug|x64.Build.0 = Debug|Any CPU
		{50373482-8119-4FF8-AD67-C5487F7851A2}.Debug|x86.ActiveCfg = Debug|Any CPU
		{50373482-8119-4FF8-AD67-C5487F7851A2}.Debug|x86.Build.0 = Debug|Any CPU
		{50373482-8119-4FF8-AD67-C5487F7851A2}.Release|Any CPU.ActiveCfg = Debug|Any CPU
		{50373482-8119-4FF8-AD67-C5487F7851A2}.Release|Any CPU.Build.0 = Debug|Any CPU
		{50373482-8119-4FF8-AD67-C5487F7851A2}.Release|x64.ActiveCfg = Debug|Any CPU
		{50373482-8119-4FF8-AD67-C5487F7851A2}.Release|x64.Build.0 = Debug|Any CPU
		{50373482-8119-4FF8-AD67-C5487F7851A2}.Release|x86.ActiveCfg = Debug|Any CPU
		{50373482-8119-4FF8-AD67-C5487F7851A2}.Release|x86.Build.0 = Debug|Any CPU
	EndGlobalSection
	GlobalSection(SolutionProperties) = preSolution
		HideSolutionNode = FALSE
	EndGlobalSection
	GlobalSection(NestedProjects) = preSolution
		{AC9EE8C9-D6AD-4F5B-98B4-AEA4A69CD54E} = {3F98EBB7-5A0D-4004-8740-4079DD0F9234}
		{6BD41976-F6F8-461F-A071-FABC002761C9} = {3F98EBB7-5A0D-4004-8740-4079DD0F9234}
		{7DA64D63-4035-49F7-879F-09005373414F} = {67361259-A0B8-4109-8AAB-2F4A4758EE5E}
		{6EBA45A7-CED5-44F0-AA81-E7F9D1E71187} = {DD7D7562-6D57-48F8-B3C6-5E956C17522F}
		{A4FC4907-3C59-4091-8886-B389F3BA073E} = {DD7D7562-6D57-48F8-B3C6-5E956C17522F}
		{AB876220-7460-41C5-847E-FAE3D7239FE2} = {DA389D4C-2C42-4D49-9F99-D412676C54F5}
		{50373482-8119-4FF8-AD67-C5487F7851A2} = {DD7D7562-6D57-48F8-B3C6-5E956C17522F}
		{3850785B-2BA2-4014-A79B-487227D4AB3D} = {84827BFF-DD4D-45B5-BD18-42465C662608}
		{7F782465-07FC-4828-A0CD-2C40F8D45DC0} = {84827BFF-DD4D-45B5-BD18-42465C662608}
		{5E1853D0-69A8-4B75-B368-3254E317134B} = {84827BFF-DD4D-45B5-BD18-42465C662608}
	EndGlobalSection
	GlobalSection(ExtensibilityGlobals) = postSolution
		SolutionGuid = {12CDF749-3833-4677-866A-D2224A650A5E}
	EndGlobalSection
EndGlobal
